# THIS IS AN AUTOGENERATED FILE. DO NOT EDIT THIS FILE DIRECTLY.
# yarn lockfile v1


turbo-darwin-64@2.2.2:
  version "2.2.2"
  resolved "https://registry.yarnpkg.com/turbo-darwin-64/-/turbo-darwin-64-2.2.2.tgz#f8bbc447e4bfce9ca2435552d2dfc7316e54270c"
  integrity sha512-J+Vn13M3QxKKoWF1D5IzXk6OuDPWuJhrUbKwSAA5TII9WcHw07ySR8ALgjm3qQRxmKrKJvffvMt+crg4dx/9Ng==

turbo-darwin-arm64@2.2.2:
  version "2.2.2"
  resolved "https://registry.yarnpkg.com/turbo-darwin-arm64/-/turbo-darwin-arm64-2.2.2.tgz#46a369b84642190208e0f388b3adb64a635356b0"
  integrity sha512-nNF9J2U+QH4lKq8h0wsh6cNlrJTwdVbXkQvhxj1mvzOYfTYru/u5kZaVUyj9U2kbPJmHKDB3ivFuOvtDLxfzjA==

turbo-linux-64@2.2.2:
  version "2.2.2"
  resolved "https://registry.yarnpkg.com/turbo-linux-64/-/turbo-linux-64-2.2.2.tgz#fc2a73b0a7a1e3545fe1b2728f82490a7aacf9a3"
  integrity sha512-M+5BBpCIvX34n0nEeKRmZweuWOvPNBOpEHUZvEvB1F6Avq5J/aJqRIoa0WswRTgxsZ4iaomdQxyUZQZhEpAAUQ==

turbo-linux-arm64@2.2.2:
  version "2.2.2"
  resolved "https://registry.yarnpkg.com/turbo-linux-arm64/-/turbo-linux-arm64-2.2.2.tgz#b15cebb59cff16523497b43ad3aa0150a5964167"
  integrity sha512-yAgl+aJQym5m8aIo14w9+g7C70Kgd3C6Y7upgjYNQwfi1OojnKxyDbMtB5JhVEb+7A1ovjWrUCyG+zqeUdgcQw==

turbo-windows-64@2.2.2:
  version "2.2.2"
  resolved "https://registry.yarnpkg.com/turbo-windows-64/-/turbo-windows-64-2.2.2.tgz#53979774ce1dbc9a43e5438b994d11fef6a6fea9"
  integrity sha512-dUU7XCKLVY6OPVduu5U8j7UtlcaVbMu6ELc8/nztIyMMOwtREWU/wXhardPLXKZpe+xA8Pv96vDVWDLSvpF4IQ==

turbo-windows-arm64@2.2.2:
  version "2.2.2"
  resolved "https://registry.yarnpkg.com/turbo-windows-arm64/-/turbo-windows-arm64-2.2.2.tgz#c546e32dce34ca3c69f8c9bc7bf9a17ea7656450"
  integrity sha512-zpA2/NlNdsthqBQncdmIL8gSZtFmQJ/bDSXph/ecA0YJaORmr0EKBXtTOqEDJp1ztY6uG/GRI5LxwYc639Xxew==

turbo@^2.2.2:
  version "2.2.2"
  resolved "https://registry.yarnpkg.com/turbo/-/turbo-2.2.2.tgz#b676d0f941876ec6abf9e445f3a9fd1b1067ffd0"
  integrity sha512-0vm9WpykJtg7+NwO22+VK1jn8KdkXpHqXa8TX6WWefaCe3BQiBT94T0Ay44z3df/Re6l66pMWNzzZCGk+JZe+A==
  optionalDependencies:
    turbo-darwin-64 "2.2.2"
    turbo-darwin-arm64 "2.2.2"
    turbo-linux-64 "2.2.2"
    turbo-linux-arm64 "2.2.2"
    turbo-windows-64 "2.2.2"
    turbo-windows-arm64 "2.2.2"
